
Microsoft Visual Studio Solution File, Format Version 12.00
# Visual Studio Version 16
VisualStudioVersion = 16.0.31105.61
MinimumVisualStudioVersion = 10.0.40219.1
Project("{FAE04EC0-301F-11D3-BF4B-00C04F79EFBC}") = "WebApi_Samu_Trial1", "WebApi_Samu_Trial1\WebApi_Samu_Trial1.csproj", "{3ACBA566-9D46-4721-8B85-0AD506716BFB}"
EndProject
Project("{FAE04EC0-301F-11D3-BF4B-00C04F79EFBC}") = "DataAccessSamuTrial", "DataAccessSamuTrial\DataAccessSamuTrial.csproj", "{3D7C16E7-6BDE-40E5-B250-00C7D3750BBB}"
EndProject
Global
	GlobalSection(SolutionConfigurationPlatforms) = preSolution
		Debug|Any CPU = Debug|Any CPU
		Release|Any CPU = Release|Any CPU
	EndGlobalSection
	GlobalSection(ProjectConfigurationPlatforms) = postSolution
		{3ACBA566-9D46-4721-8B85-0AD506716BFB}.Debug|Any CPU.ActiveCfg = Debug|Any CPU
		{3ACBA566-9D46-4721-8B85-0AD506716BFB}.Debug|Any CPU.Build.0 = Debug|Any CPU
		{3ACBA566-9D46-4721-8B85-0AD506716BFB}.Release|Any CPU.ActiveCfg = Release|Any CPU
		{3ACBA566-9D46-4721-8B85-0AD506716BFB}.Release|Any CPU.Build.0 = Release|Any CPU
		{3D7C16E7-6BDE-40E5-B250-00C7D3750BBB}.Debug|Any CPU.ActiveCfg = Debug|Any CPU
		{3D7C16E7-6BDE-40E5-B250-00C7D3750BBB}.Debug|Any CPU.Build.0 = Debug|Any CPU
		{3D7C16E7-6BDE-40E5-B250-00C7D3750BBB}.Release|Any CPU.ActiveCfg = Release|Any CPU
		{3D7C16E7-6BDE-40E5-B250-00C7D3750BBB}.Release|Any CPU.Build.0 = Release|Any CPU
	EndGlobalSection
	GlobalSection(SolutionProperties) = preSolution
		HideSolutionNode = FALSE
	EndGlobalSection
	GlobalSection(ExtensibilityGlobals) = postSolution
		SolutionGuid = {59AFA4B9-769E-490C-B9BB-1839827ED610}
	EndGlobalSection
EndGlobal
